<?xml version="1.0" encoding="utf-8"?>
<Project ToolsVersion="4.0" xmlns="http://schemas.microsoft.com/developer/msbuild/2003">
  <ItemGroup>
    <Filter Include="include">
      <UniqueIdentifier>{89AF369E-F58E-B539-FEA6-40106A051C9B}</UniqueIdentifier>
    </Filter>
    <Filter Include="src">
      <UniqueIdentifier>{2DAB880B-99B4-887C-2230-9F7C8E38947C}</UniqueIdentifier>
    </Filter>
  </ItemGroup>
  <ItemGroup>
    <ClInclude Include="include\Application.h">
      <Filter>include</Filter>
    </ClInclude>
    <ClInclude Include="include\Assets.h">
      <Filter>include</Filter>
    </ClInclude>
    <ClInclude Include="include\Audio.h">
      <Filter>include</Filter>
    </ClInclude>
    <ClInclude Include="include\Buffers.h">
      <Filter>include</Filter>
    </ClInclude>
    <ClInclude Include="include\Camera.h">
      <Filter>include</Filter>
    </ClInclude>
    <ClInclude Include="include\Config.h">
      <Filter>include</Filter>
    </ClInclude>
    <ClInclude Include="include\Cursor.h">
      <Filter>include</Filter>
    </ClInclude>
    <ClInclude Include="include\Ember.h">
      <Filter>include</Filter>
    </ClInclude>
    <ClInclude Include="include\EventHandler.h">
      <Filter>include</Filter>
    </ClInclude>
    <ClInclude Include="include\EventStack.h">
      <Filter>include</Filter>
    </ClInclude>
    <ClInclude Include="include\Events.h">
      <Filter>include</Filter>
    </ClInclude>
    <ClInclude Include="include\File.h">
      <Filter>include</Filter>
    </ClInclude>
    <ClInclude Include="include\Font.h">
      <Filter>include</Filter>
    </ClInclude>
    <ClInclude Include="include\FrameBuffer.h">
      <Filter>include</Filter>
    </ClInclude>
    <ClInclude Include="include\Geometry.h">
      <Filter>include</Filter>
    </ClInclude>
    <ClInclude Include="include\ImGuiLayer.h">
      <Filter>include</Filter>
    </ClInclude>
    <ClInclude Include="include\JoystickEvents.h">
      <Filter>include</Filter>
    </ClInclude>
    <ClInclude Include="include\KeyboardCodes.h">
      <Filter>include</Filter>
    </ClInclude>
    <ClInclude Include="include\KeyboardEvents.h">
      <Filter>include</Filter>
    </ClInclude>
    <ClInclude Include="include\Layer.h">
      <Filter>include</Filter>
    </ClInclude>
    <ClInclude Include="include\Light.h">
      <Filter>include</Filter>
    </ClInclude>
    <ClInclude Include="include\Logger.h">
      <Filter>include</Filter>
    </ClInclude>
    <ClInclude Include="include\Material.h">
      <Filter>include</Filter>
    </ClInclude>
    <ClInclude Include="include\Mesh.h">
      <Filter>include</Filter>
    </ClInclude>
    <ClInclude Include="include\MouseEvents.h">
      <Filter>include</Filter>
    </ClInclude>
    <ClInclude Include="include\OSDepStructures.h">
      <Filter>include</Filter>
    </ClInclude>
    <ClInclude Include="include\OpenGLWindow.h">
      <Filter>include</Filter>
    </ClInclude>
    <ClInclude Include="include\OrthoCamera.h">
      <Filter>include</Filter>
    </ClInclude>
    <ClInclude Include="include\OrthoCameraController.h">
      <Filter>include</Filter>
    </ClInclude>
    <ClInclude Include="include\PerspectiveCamera.h">
      <Filter>include</Filter>
    </ClInclude>
    <ClInclude Include="include\PerspectiveCameraController.h">
      <Filter>include</Filter>
    </ClInclude>
    <ClInclude Include="include\RandomNumberGenerator.h">
      <Filter>include</Filter>
    </ClInclude>
    <ClInclude Include="include\Renderer.h">
      <Filter>include</Filter>
    </ClInclude>
    <ClInclude Include="include\RendererCommands.h">
      <Filter>include</Filter>
    </ClInclude>
    <ClInclude Include="include\SDLWindow.h">
      <Filter>include</Filter>
    </ClInclude>
    <ClInclude Include="include\Shader.h">
      <Filter>include</Filter>
    </ClInclude>
    <ClInclude Include="include\Texture.h">
      <Filter>include</Filter>
    </ClInclude>
    <ClInclude Include="include\TextureAtlas.h">
      <Filter>include</Filter>
    </ClInclude>
    <ClInclude Include="include\Timer.h">
      <Filter>include</Filter>
    </ClInclude>
    <ClInclude Include="include\VertexArray.h">
      <Filter>include</Filter>
    </ClInclude>
    <ClInclude Include="include\Window.h">
      <Filter>include</Filter>
    </ClInclude>
    <ClInclude Include="include\WindowEvents.h">
      <Filter>include</Filter>
    </ClInclude>
  </ItemGroup>
  <ItemGroup>
    <ClCompile Include="src\Application.cpp">
      <Filter>src</Filter>
    </ClCompile>
    <ClCompile Include="src\Assets.cpp">
      <Filter>src</Filter>
    </ClCompile>
    <ClCompile Include="src\Audio.cpp">
      <Filter>src</Filter>
    </ClCompile>
    <ClCompile Include="src\Buffers.cpp">
      <Filter>src</Filter>
    </ClCompile>
    <ClCompile Include="src\Camera.cpp">
      <Filter>src</Filter>
    </ClCompile>
    <ClCompile Include="src\Config.cpp">
      <Filter>src</Filter>
    </ClCompile>
    <ClCompile Include="src\Cursor.cpp">
      <Filter>src</Filter>
    </ClCompile>
    <ClCompile Include="src\Ember.cpp">
      <Filter>src</Filter>
    </ClCompile>
    <ClCompile Include="src\EventHandler.cpp">
      <Filter>src</Filter>
    </ClCompile>
    <ClCompile Include="src\EventStack.cpp">
      <Filter>src</Filter>
    </ClCompile>
    <ClCompile Include="src\File.cpp">
      <Filter>src</Filter>
    </ClCompile>
    <ClCompile Include="src\Font.cpp">
      <Filter>src</Filter>
    </ClCompile>
    <ClCompile Include="src\FrameBuffer.cpp">
      <Filter>src</Filter>
    </ClCompile>
    <ClCompile Include="src\Geometry.cpp">
      <Filter>src</Filter>
    </ClCompile>
    <ClCompile Include="src\ImGuiBuild.cpp">
      <Filter>src</Filter>
    </ClCompile>
    <ClCompile Include="src\ImGuiLayer.cpp">
      <Filter>src</Filter>
    </ClCompile>
    <ClCompile Include="src\Layer.cpp">
      <Filter>src</Filter>
    </ClCompile>
    <ClCompile Include="src\Logger.cpp">
      <Filter>src</Filter>
    </ClCompile>
    <ClCompile Include="src\Mesh.cpp">
      <Filter>src</Filter>
    </ClCompile>
    <ClCompile Include="src\OSDepStructures.cpp">
      <Filter>src</Filter>
    </ClCompile>
    <ClCompile Include="src\OpenGLWindow.cpp">
      <Filter>src</Filter>
    </ClCompile>
    <ClCompile Include="src\OrthoCamera.cpp">
      <Filter>src</Filter>
    </ClCompile>
    <ClCompile Include="src\OrthoCameraController.cpp">
      <Filter>src</Filter>
    </ClCompile>
    <ClCompile Include="src\PerspectiveCamera.cpp">
      <Filter>src</Filter>
    </ClCompile>
    <ClCompile Include="src\PerspectiveCameraController.cpp">
      <Filter>src</Filter>
    </ClCompile>
    <ClCompile Include="src\RandomNumberGenerator.cpp">
      <Filter>src</Filter>
    </ClCompile>
    <ClCompile Include="src\Renderer.cpp">
      <Filter>src</Filter>
    </ClCompile>
    <ClCompile Include="src\RendererCommands.cpp">
      <Filter>src</Filter>
    </ClCompile>
    <ClCompile Include="src\SDLWindow.cpp">
      <Filter>src</Filter>
    </ClCompile>
    <ClCompile Include="src\Shader.cpp">
      <Filter>src</Filter>
    </ClCompile>
    <ClCompile Include="src\Texture.cpp">
      <Filter>src</Filter>
    </ClCompile>
    <ClCompile Include="src\TextureAtlas.cpp">
      <Filter>src</Filter>
    </ClCompile>
    <ClCompile Include="src\Timer.cpp">
      <Filter>src</Filter>
    </ClCompile>
    <ClCompile Include="src\VertexArray.cpp">
      <Filter>src</Filter>
    </ClCompile>
    <ClCompile Include="src\Window.cpp">
      <Filter>src</Filter>
    </ClCompile>
  </ItemGroup>
</Project>